
Microsoft Visual Studio Solution File, Format Version 12.00
# Visual Studio Version 16
VisualStudioVersion = 16.0.31605.320
MinimumVisualStudioVersion = 10.0.40219.1
Project("{9A19103F-16F7-4668-BE54-9A1E7A4F7556}") = "ElectronicDiary.DAL", "ElectronicDiary.DAL\ElectronicDiary.DAL.csproj", "{CA07B7C4-102F-4850-8155-DAD09F2BFE16}"
EndProject
Project("{9A19103F-16F7-4668-BE54-9A1E7A4F7556}") = "ElectronicDiary.BLL", "ElectronicDiary.BLL\ElectronicDiary.BLL.csproj", "{28B798CA-3262-486C-85DD-1BD42482C718}"
EndProject
Project("{9A19103F-16F7-4668-BE54-9A1E7A4F7556}") = "ElectronicDiary.WebApi", "ElectronicDiary.WebApi\ElectronicDiary.WebApi.csproj", "{8799261A-3699-4359-BAF5-A4919E194DC9}"
EndProject
Global
	GlobalSection(SolutionConfigurationPlatforms) = preSolution
		Debug|Any CPU = Debug|Any CPU
		Release|Any CPU = Release|Any CPU
	EndGlobalSection
	GlobalSection(ProjectConfigurationPlatforms) = postSolution
		{CA07B7C4-102F-4850-8155-DAD09F2BFE16}.Debug|Any CPU.ActiveCfg = Debug|Any CPU
		{CA07B7C4-102F-4850-8155-DAD09F2BFE16}.Debug|Any CPU.Build.0 = Debug|Any CPU
		{CA07B7C4-102F-4850-8155-DAD09F2BFE16}.Release|Any CPU.ActiveCfg = Release|Any CPU
		{CA07B7C4-102F-4850-8155-DAD09F2BFE16}.Release|Any CPU.Build.0 = Release|Any CPU
		{28B798CA-3262-486C-85DD-1BD42482C718}.Debug|Any CPU.ActiveCfg = Debug|Any CPU
		{28B798CA-3262-486C-85DD-1BD42482C718}.Debug|Any CPU.Build.0 = Debug|Any CPU
		{28B798CA-3262-486C-85DD-1BD42482C718}.Release|Any CPU.ActiveCfg = Release|Any CPU
		{28B798CA-3262-486C-85DD-1BD42482C718}.Release|Any CPU.Build.0 = Release|Any CPU
		{8799261A-3699-4359-BAF5-A4919E194DC9}.Debug|Any CPU.ActiveCfg = Debug|Any CPU
		{8799261A-3699-4359-BAF5-A4919E194DC9}.Debug|Any CPU.Build.0 = Debug|Any CPU
		{8799261A-3699-4359-BAF5-A4919E194DC9}.Release|Any CPU.ActiveCfg = Release|Any CPU
		{8799261A-3699-4359-BAF5-A4919E194DC9}.Release|Any CPU.Build.0 = Release|Any CPU
	EndGlobalSection
	GlobalSection(SolutionProperties) = preSolution
		HideSolutionNode = FALSE
	EndGlobalSection
	GlobalSection(ExtensibilityGlobals) = postSolution
		SolutionGuid = {94AB9D44-B388-4204-A6CD-9BBA7F3CDC3E}
	EndGlobalSection
EndGlobal
